
Microsoft Visual Studio Solution File, Format Version 12.00
# Visual Studio Version 16
VisualStudioVersion = 16.0.29926.136
MinimumVisualStudioVersion = 10.0.40219.1
Project("{FAE04EC0-301F-11D3-BF4B-00C04F79EFBC}") = "BitwiseOperators", "BitwiseOperators\BitwiseOperators.csproj", "{659E956A-9FF0-4237-8A1E-E0F8ED484E34}"
EndProject
Global
	GlobalSection(SolutionConfigurationPlatforms) = preSolution
		Debug|Any CPU = Debug|Any CPU
		Release|Any CPU = Release|Any CPU
	EndGlobalSection
	GlobalSection(ProjectConfigurationPlatforms) = postSolution
		{659E956A-9FF0-4237-8A1E-E0F8ED484E34}.Debug|Any CPU.ActiveCfg = Debug|Any CPU
		{659E956A-9FF0-4237-8A1E-E0F8ED484E34}.Debug|Any CPU.Build.0 = Debug|Any CPU
		{659E956A-9FF0-4237-8A1E-E0F8ED484E34}.Release|Any CPU.ActiveCfg = Release|Any CPU
		{659E956A-9FF0-4237-8A1E-E0F8ED484E34}.Release|Any CPU.Build.0 = Release|Any CPU
	EndGlobalSection
	GlobalSection(SolutionProperties) = preSolution
		HideSolutionNode = FALSE
	EndGlobalSection
	GlobalSection(ExtensibilityGlobals) = postSolution
		SolutionGuid = {A2491067-0906-4783-BCBE-A2CC579A8607}
	EndGlobalSection
EndGlobal
