
Microsoft Visual Studio Solution File, Format Version 12.00
# Visual Studio Version 16
VisualStudioVersion = 16.0.29926.136
MinimumVisualStudioVersion = 10.0.40219.1
Project("{FAE04EC0-301F-11D3-BF4B-00C04F79EFBC}") = "Week1_Files", "Week1_Files\Week1_Files.csproj", "{38F0C7F3-1E7E-4B2D-9E35-5453EF38B011}"
EndProject
Project("{FAE04EC0-301F-11D3-BF4B-00C04F79EFBC}") = "FileReadWriteUI", "FileReadWriteUI\FileReadWriteUI.csproj", "{E1CE937B-9822-4261-AC54-1411D83F22EC}"
EndProject
Project("{FAE04EC0-301F-11D3-BF4B-00C04F79EFBC}") = "FileStream", "FileStream\FileStream.csproj", "{0F6DCE9B-D69F-4CCD-A5E7-8025DC390013}"
EndProject
Global
	GlobalSection(SolutionConfigurationPlatforms) = preSolution
		Debug|Any CPU = Debug|Any CPU
		Release|Any CPU = Release|Any CPU
	EndGlobalSection
	GlobalSection(ProjectConfigurationPlatforms) = postSolution
		{38F0C7F3-1E7E-4B2D-9E35-5453EF38B011}.Debug|Any CPU.ActiveCfg = Debug|Any CPU
		{38F0C7F3-1E7E-4B2D-9E35-5453EF38B011}.Debug|Any CPU.Build.0 = Debug|Any CPU
		{38F0C7F3-1E7E-4B2D-9E35-5453EF38B011}.Release|Any CPU.ActiveCfg = Release|Any CPU
		{38F0C7F3-1E7E-4B2D-9E35-5453EF38B011}.Release|Any CPU.Build.0 = Release|Any CPU
		{E1CE937B-9822-4261-AC54-1411D83F22EC}.Debug|Any CPU.ActiveCfg = Debug|Any CPU
		{E1CE937B-9822-4261-AC54-1411D83F22EC}.Debug|Any CPU.Build.0 = Debug|Any CPU
		{E1CE937B-9822-4261-AC54-1411D83F22EC}.Release|Any CPU.ActiveCfg = Release|Any CPU
		{E1CE937B-9822-4261-AC54-1411D83F22EC}.Release|Any CPU.Build.0 = Release|Any CPU
		{0F6DCE9B-D69F-4CCD-A5E7-8025DC390013}.Debug|Any CPU.ActiveCfg = Debug|Any CPU
		{0F6DCE9B-D69F-4CCD-A5E7-8025DC390013}.Debug|Any CPU.Build.0 = Debug|Any CPU
		{0F6DCE9B-D69F-4CCD-A5E7-8025DC390013}.Release|Any CPU.ActiveCfg = Release|Any CPU
		{0F6DCE9B-D69F-4CCD-A5E7-8025DC390013}.Release|Any CPU.Build.0 = Release|Any CPU
	EndGlobalSection
	GlobalSection(SolutionProperties) = preSolution
		HideSolutionNode = FALSE
	EndGlobalSection
	GlobalSection(ExtensibilityGlobals) = postSolution
		SolutionGuid = {50B93461-E454-4BEC-86A3-D367EC9D3017}
	EndGlobalSection
EndGlobal
