
Microsoft Visual Studio Solution File, Format Version 12.00
# Visual Studio Version 16
VisualStudioVersion = 16.0.30011.22
MinimumVisualStudioVersion = 10.0.40219.1
Project("{FAE04EC0-301F-11D3-BF4B-00C04F79EFBC}") = "MultiThread1", "MultiThread1\MultiThread1.csproj", "{10DC739E-9B67-46F2-A37F-AE83D9117097}"
EndProject
Project("{FAE04EC0-301F-11D3-BF4B-00C04F79EFBC}") = "MutliThread2", "MutliThread2\MutliThread2.csproj", "{9F3BA96E-28D7-4B72-8612-CBD919F97873}"
EndProject
Project("{FAE04EC0-301F-11D3-BF4B-00C04F79EFBC}") = "Thread3", "Thread3\Thread3.csproj", "{FB80FC47-6EA1-44F8-9FFE-8DBF0EB7733A}"
EndProject
Project("{FAE04EC0-301F-11D3-BF4B-00C04F79EFBC}") = "Thread4", "Thread4\Thread4.csproj", "{99BEB882-3179-4C0A-BC9A-01844B726DD4}"
EndProject
Project("{FAE04EC0-301F-11D3-BF4B-00C04F79EFBC}") = "Thread5", "Thread5\Thread5.csproj", "{79366B9E-1705-42A9-A82F-C9AA3A27882C}"
EndProject
Global
	GlobalSection(SolutionConfigurationPlatforms) = preSolution
		Debug|Any CPU = Debug|Any CPU
		Debug|ARM = Debug|ARM
		Debug|ARM64 = Debug|ARM64
		Debug|x64 = Debug|x64
		Debug|x86 = Debug|x86
		Release|Any CPU = Release|Any CPU
		Release|ARM = Release|ARM
		Release|ARM64 = Release|ARM64
		Release|x64 = Release|x64
		Release|x86 = Release|x86
	EndGlobalSection
	GlobalSection(ProjectConfigurationPlatforms) = postSolution
		{10DC739E-9B67-46F2-A37F-AE83D9117097}.Debug|Any CPU.ActiveCfg = Debug|Any CPU
		{10DC739E-9B67-46F2-A37F-AE83D9117097}.Debug|Any CPU.Build.0 = Debug|Any CPU
		{10DC739E-9B67-46F2-A37F-AE83D9117097}.Debug|ARM.ActiveCfg = Debug|Any CPU
		{10DC739E-9B67-46F2-A37F-AE83D9117097}.Debug|ARM.Build.0 = Debug|Any CPU
		{10DC739E-9B67-46F2-A37F-AE83D9117097}.Debug|ARM64.ActiveCfg = Debug|Any CPU
		{10DC739E-9B67-46F2-A37F-AE83D9117097}.Debug|ARM64.Build.0 = Debug|Any CPU
		{10DC739E-9B67-46F2-A37F-AE83D9117097}.Debug|x64.ActiveCfg = Debug|Any CPU
		{10DC739E-9B67-46F2-A37F-AE83D9117097}.Debug|x64.Build.0 = Debug|Any CPU
		{10DC739E-9B67-46F2-A37F-AE83D9117097}.Debug|x86.ActiveCfg = Debug|Any CPU
		{10DC739E-9B67-46F2-A37F-AE83D9117097}.Debug|x86.Build.0 = Debug|Any CPU
		{10DC739E-9B67-46F2-A37F-AE83D9117097}.Release|Any CPU.ActiveCfg = Release|Any CPU
		{10DC739E-9B67-46F2-A37F-AE83D9117097}.Release|Any CPU.Build.0 = Release|Any CPU
		{10DC739E-9B67-46F2-A37F-AE83D9117097}.Release|ARM.ActiveCfg = Release|Any CPU
		{10DC739E-9B67-46F2-A37F-AE83D9117097}.Release|ARM.Build.0 = Release|Any CPU
		{10DC739E-9B67-46F2-A37F-AE83D9117097}.Release|ARM64.ActiveCfg = Release|Any CPU
		{10DC739E-9B67-46F2-A37F-AE83D9117097}.Release|ARM64.Build.0 = Release|Any CPU
		{10DC739E-9B67-46F2-A37F-AE83D9117097}.Release|x64.ActiveCfg = Release|Any CPU
		{10DC739E-9B67-46F2-A37F-AE83D9117097}.Release|x64.Build.0 = Release|Any CPU
		{10DC739E-9B67-46F2-A37F-AE83D9117097}.Release|x86.ActiveCfg = Release|Any CPU
		{10DC739E-9B67-46F2-A37F-AE83D9117097}.Release|x86.Build.0 = Release|Any CPU
		{9F3BA96E-28D7-4B72-8612-CBD919F97873}.Debug|Any CPU.ActiveCfg = Debug|Any CPU
		{9F3BA96E-28D7-4B72-8612-CBD919F97873}.Debug|Any CPU.Build.0 = Debug|Any CPU
		{9F3BA96E-28D7-4B72-8612-CBD919F97873}.Debug|ARM.ActiveCfg = Debug|Any CPU
		{9F3BA96E-28D7-4B72-8612-CBD919F97873}.Debug|ARM.Build.0 = Debug|Any CPU
		{9F3BA96E-28D7-4B72-8612-CBD919F97873}.Debug|ARM64.ActiveCfg = Debug|Any CPU
		{9F3BA96E-28D7-4B72-8612-CBD919F97873}.Debug|ARM64.Build.0 = Debug|Any CPU
		{9F3BA96E-28D7-4B72-8612-CBD919F97873}.Debug|x64.ActiveCfg = Debug|Any CPU
		{9F3BA96E-28D7-4B72-8612-CBD919F97873}.Debug|x64.Build.0 = Debug|Any CPU
		{9F3BA96E-28D7-4B72-8612-CBD919F97873}.Debug|x86.ActiveCfg = Debug|Any CPU
		{9F3BA96E-28D7-4B72-8612-CBD919F97873}.Debug|x86.Build.0 = Debug|Any CPU
		{9F3BA96E-28D7-4B72-8612-CBD919F97873}.Release|Any CPU.ActiveCfg = Release|Any CPU
		{9F3BA96E-28D7-4B72-8612-CBD919F97873}.Release|Any CPU.Build.0 = Release|Any CPU
		{9F3BA96E-28D7-4B72-8612-CBD919F97873}.Release|ARM.ActiveCfg = Release|Any CPU
		{9F3BA96E-28D7-4B72-8612-CBD919F97873}.Release|ARM.Build.0 = Release|Any CPU
		{9F3BA96E-28D7-4B72-8612-CBD919F97873}.Release|ARM64.ActiveCfg = Release|Any CPU
		{9F3BA96E-28D7-4B72-8612-CBD919F97873}.Release|ARM64.Build.0 = Release|Any CPU
		{9F3BA96E-28D7-4B72-8612-CBD919F97873}.Release|x64.ActiveCfg = Release|Any CPU
		{9F3BA96E-28D7-4B72-8612-CBD919F97873}.Release|x64.Build.0 = Release|Any CPU
		{9F3BA96E-28D7-4B72-8612-CBD919F97873}.Release|x86.ActiveCfg = Release|Any CPU
		{9F3BA96E-28D7-4B72-8612-CBD919F97873}.Release|x86.Build.0 = Release|Any CPU
		{FB80FC47-6EA1-44F8-9FFE-8DBF0EB7733A}.Debug|Any CPU.ActiveCfg = Debug|Any CPU
		{FB80FC47-6EA1-44F8-9FFE-8DBF0EB7733A}.Debug|Any CPU.Build.0 = Debug|Any CPU
		{FB80FC47-6EA1-44F8-9FFE-8DBF0EB7733A}.Debug|ARM.ActiveCfg = Debug|Any CPU
		{FB80FC47-6EA1-44F8-9FFE-8DBF0EB7733A}.Debug|ARM.Build.0 = Debug|Any CPU
		{FB80FC47-6EA1-44F8-9FFE-8DBF0EB7733A}.Debug|ARM64.ActiveCfg = Debug|Any CPU
		{FB80FC47-6EA1-44F8-9FFE-8DBF0EB7733A}.Debug|ARM64.Build.0 = Debug|Any CPU
		{FB80FC47-6EA1-44F8-9FFE-8DBF0EB7733A}.Debug|x64.ActiveCfg = Debug|Any CPU
		{FB80FC47-6EA1-44F8-9FFE-8DBF0EB7733A}.Debug|x64.Build.0 = Debug|Any CPU
		{FB80FC47-6EA1-44F8-9FFE-8DBF0EB7733A}.Debug|x86.ActiveCfg = Debug|Any CPU
		{FB80FC47-6EA1-44F8-9FFE-8DBF0EB7733A}.Debug|x86.Build.0 = Debug|Any CPU
		{FB80FC47-6EA1-44F8-9FFE-8DBF0EB7733A}.Release|Any CPU.ActiveCfg = Release|Any CPU
		{FB80FC47-6EA1-44F8-9FFE-8DBF0EB7733A}.Release|Any CPU.Build.0 = Release|Any CPU
		{FB80FC47-6EA1-44F8-9FFE-8DBF0EB7733A}.Release|ARM.ActiveCfg = Release|Any CPU
		{FB80FC47-6EA1-44F8-9FFE-8DBF0EB7733A}.Release|ARM.Build.0 = Release|Any CPU
		{FB80FC47-6EA1-44F8-9FFE-8DBF0EB7733A}.Release|ARM64.ActiveCfg = Release|Any CPU
		{FB80FC47-6EA1-44F8-9FFE-8DBF0EB7733A}.Release|ARM64.Build.0 = Release|Any CPU
		{FB80FC47-6EA1-44F8-9FFE-8DBF0EB7733A}.Release|x64.ActiveCfg = Release|Any CPU
		{FB80FC47-6EA1-44F8-9FFE-8DBF0EB7733A}.Release|x64.Build.0 = Release|Any CPU
		{FB80FC47-6EA1-44F8-9FFE-8DBF0EB7733A}.Release|x86.ActiveCfg = Release|Any CPU
		{FB80FC47-6EA1-44F8-9FFE-8DBF0EB7733A}.Release|x86.Build.0 = Release|Any CPU
		{99BEB882-3179-4C0A-BC9A-01844B726DD4}.Debug|Any CPU.ActiveCfg = Debug|Any CPU
		{99BEB882-3179-4C0A-BC9A-01844B726DD4}.Debug|Any CPU.Build.0 = Debug|Any CPU
		{99BEB882-3179-4C0A-BC9A-01844B726DD4}.Debug|ARM.ActiveCfg = Debug|Any CPU
		{99BEB882-3179-4C0A-BC9A-01844B726DD4}.Debug|ARM.Build.0 = Debug|Any CPU
		{99BEB882-3179-4C0A-BC9A-01844B726DD4}.Debug|ARM64.ActiveCfg = Debug|Any CPU
		{99BEB882-3179-4C0A-BC9A-01844B726DD4}.Debug|ARM64.Build.0 = Debug|Any CPU
		{99BEB882-3179-4C0A-BC9A-01844B726DD4}.Debug|x64.ActiveCfg = Debug|Any CPU
		{99BEB882-3179-4C0A-BC9A-01844B726DD4}.Debug|x64.Build.0 = Debug|Any CPU
		{99BEB882-3179-4C0A-BC9A-01844B726DD4}.Debug|x86.ActiveCfg = Debug|Any CPU
		{99BEB882-3179-4C0A-BC9A-01844B726DD4}.Debug|x86.Build.0 = Debug|Any CPU
		{99BEB882-3179-4C0A-BC9A-01844B726DD4}.Release|Any CPU.ActiveCfg = Release|Any CPU
		{99BEB882-3179-4C0A-BC9A-01844B726DD4}.Release|Any CPU.Build.0 = Release|Any CPU
		{99BEB882-3179-4C0A-BC9A-01844B726DD4}.Release|ARM.ActiveCfg = Release|Any CPU
		{99BEB882-3179-4C0A-BC9A-01844B726DD4}.Release|ARM.Build.0 = Release|Any CPU
		{99BEB882-3179-4C0A-BC9A-01844B726DD4}.Release|ARM64.ActiveCfg = Release|Any CPU
		{99BEB882-3179-4C0A-BC9A-01844B726DD4}.Release|ARM64.Build.0 = Release|Any CPU
		{99BEB882-3179-4C0A-BC9A-01844B726DD4}.Release|x64.ActiveCfg = Release|Any CPU
		{99BEB882-3179-4C0A-BC9A-01844B726DD4}.Release|x64.Build.0 = Release|Any CPU
		{99BEB882-3179-4C0A-BC9A-01844B726DD4}.Release|x86.ActiveCfg = Release|Any CPU
		{99BEB882-3179-4C0A-BC9A-01844B726DD4}.Release|x86.Build.0 = Release|Any CPU
		{79366B9E-1705-42A9-A82F-C9AA3A27882C}.Debug|Any CPU.ActiveCfg = Debug|Any CPU
		{79366B9E-1705-42A9-A82F-C9AA3A27882C}.Debug|Any CPU.Build.0 = Debug|Any CPU
		{79366B9E-1705-42A9-A82F-C9AA3A27882C}.Debug|ARM.ActiveCfg = Debug|Any CPU
		{79366B9E-1705-42A9-A82F-C9AA3A27882C}.Debug|ARM.Build.0 = Debug|Any CPU
		{79366B9E-1705-42A9-A82F-C9AA3A27882C}.Debug|ARM64.ActiveCfg = Debug|Any CPU
		{79366B9E-1705-42A9-A82F-C9AA3A27882C}.Debug|ARM64.Build.0 = Debug|Any CPU
		{79366B9E-1705-42A9-A82F-C9AA3A27882C}.Debug|x64.ActiveCfg = Debug|Any CPU
		{79366B9E-1705-42A9-A82F-C9AA3A27882C}.Debug|x64.Build.0 = Debug|Any CPU
		{79366B9E-1705-42A9-A82F-C9AA3A27882C}.Debug|x86.ActiveCfg = Debug|Any CPU
		{79366B9E-1705-42A9-A82F-C9AA3A27882C}.Debug|x86.Build.0 = Debug|Any CPU
		{79366B9E-1705-42A9-A82F-C9AA3A27882C}.Release|Any CPU.ActiveCfg = Release|Any CPU
		{79366B9E-1705-42A9-A82F-C9AA3A27882C}.Release|Any CPU.Build.0 = Release|Any CPU
		{79366B9E-1705-42A9-A82F-C9AA3A27882C}.Release|ARM.ActiveCfg = Release|Any CPU
		{79366B9E-1705-42A9-A82F-C9AA3A27882C}.Release|ARM.Build.0 = Release|Any CPU
		{79366B9E-1705-42A9-A82F-C9AA3A27882C}.Release|ARM64.ActiveCfg = Release|Any CPU
		{79366B9E-1705-42A9-A82F-C9AA3A27882C}.Release|ARM64.Build.0 = Release|Any CPU
		{79366B9E-1705-42A9-A82F-C9AA3A27882C}.Release|x64.ActiveCfg = Release|Any CPU
		{79366B9E-1705-42A9-A82F-C9AA3A27882C}.Release|x64.Build.0 = Release|Any CPU
		{79366B9E-1705-42A9-A82F-C9AA3A27882C}.Release|x86.ActiveCfg = Release|Any CPU
		{79366B9E-1705-42A9-A82F-C9AA3A27882C}.Release|x86.Build.0 = Release|Any CPU
	EndGlobalSection
	GlobalSection(SolutionProperties) = preSolution
		HideSolutionNode = FALSE
	EndGlobalSection
	GlobalSection(ExtensibilityGlobals) = postSolution
		SolutionGuid = {DFFE13F7-2BE5-4A0B-BF1A-CAFE635B99AC}
	EndGlobalSection
EndGlobal
